
Microsoft Visual Studio Solution File, Format Version 12.00
# Visual Studio Version 16
VisualStudioVersion = 16.0.31220.234
MinimumVisualStudioVersion = 10.0.40219.1
Project("{9A19103F-16F7-4668-BE54-9A1E7A4F7556}") = "ChartViewExample", "ChartViewExample\ChartViewExample\ChartViewExample\ChartViewExample.csproj", "{1A13B153-3149-4A65-8238-E853420D8093}"
EndProject
Project("{9A19103F-16F7-4668-BE54-9A1E7A4F7556}") = "PieChartExample", "PieChartExample\PieChartExample\PieChartExample\PieChartExample.csproj", "{2351C672-89A1-49E2-82BB-23A0A1C60B52}"
EndProject
Global
	GlobalSection(SolutionConfigurationPlatforms) = preSolution
		Debug|Any CPU = Debug|Any CPU
		Release|Any CPU = Release|Any CPU
	EndGlobalSection
	GlobalSection(ProjectConfigurationPlatforms) = postSolution
		{1A13B153-3149-4A65-8238-E853420D8093}.Debug|Any CPU.ActiveCfg = Debug|Any CPU
		{1A13B153-3149-4A65-8238-E853420D8093}.Debug|Any CPU.Build.0 = Debug|Any CPU
		{1A13B153-3149-4A65-8238-E853420D8093}.Debug|Any CPU.Deploy.0 = Debug|Any CPU
		{1A13B153-3149-4A65-8238-E853420D8093}.Release|Any CPU.ActiveCfg = Release|Any CPU
		{1A13B153-3149-4A65-8238-E853420D8093}.Release|Any CPU.Build.0 = Release|Any CPU
		{1A13B153-3149-4A65-8238-E853420D8093}.Release|Any CPU.Deploy.0 = Release|Any CPU
		{2351C672-89A1-49E2-82BB-23A0A1C60B52}.Debug|Any CPU.ActiveCfg = Debug|Any CPU
		{2351C672-89A1-49E2-82BB-23A0A1C60B52}.Debug|Any CPU.Build.0 = Debug|Any CPU
		{2351C672-89A1-49E2-82BB-23A0A1C60B52}.Debug|Any CPU.Deploy.0 = Debug|Any CPU
		{2351C672-89A1-49E2-82BB-23A0A1C60B52}.Release|Any CPU.ActiveCfg = Release|Any CPU
		{2351C672-89A1-49E2-82BB-23A0A1C60B52}.Release|Any CPU.Build.0 = Release|Any CPU
		{2351C672-89A1-49E2-82BB-23A0A1C60B52}.Release|Any CPU.Deploy.0 = Release|Any CPU
	EndGlobalSection
	GlobalSection(SolutionProperties) = preSolution
		HideSolutionNode = FALSE
	EndGlobalSection
	GlobalSection(ExtensibilityGlobals) = postSolution
		SolutionGuid = {61F7FB11-1E47-470C-91E2-47F8143E1572}
	EndGlobalSection
EndGlobal
