
Microsoft Visual Studio Solution File, Format Version 12.00
# Visual Studio Version 16
VisualStudioVersion = 25.0.1705.0
MinimumVisualStudioVersion = 10.0.40219.1
Project("{FAE04EC0-301F-11D3-BF4B-00C04F79EFBC}") = "AreaSegmentColorizer", "AreaSegmentColorizer.csproj", "{F14801C5-7692-41B7-AFC1-81EBC2FA8A48}"
EndProject
Global
	GlobalSection(SolutionConfigurationPlatforms) = preSolution
		Debug|Any CPU = Debug|Any CPU
		Release|Any CPU = Release|Any CPU
	EndGlobalSection
	GlobalSection(ProjectConfigurationPlatforms) = postSolution
		{F14801C5-7692-41B7-AFC1-81EBC2FA8A48}.Debug|Any CPU.ActiveCfg = Debug|Any CPU
		{F14801C5-7692-41B7-AFC1-81EBC2FA8A48}.Debug|Any CPU.Build.0 = Debug|Any CPU
		{F14801C5-7692-41B7-AFC1-81EBC2FA8A48}.Release|Any CPU.ActiveCfg = Release|Any CPU
		{F14801C5-7692-41B7-AFC1-81EBC2FA8A48}.Release|Any CPU.Build.0 = Release|Any CPU
	EndGlobalSection
	GlobalSection(SolutionProperties) = preSolution
		HideSolutionNode = FALSE
	EndGlobalSection
	GlobalSection(ExtensibilityGlobals) = postSolution
		SolutionGuid = {8D6E5F9C-A385-44E1-BFA5-5D02EA215643}
	EndGlobalSection
EndGlobal
