
Microsoft Visual Studio Solution File, Format Version 12.00
# Visual Studio Version 16
VisualStudioVersion = 25.0.1705.0
MinimumVisualStudioVersion = 10.0.40219.1
Project("{FAE04EC0-301F-11D3-BF4B-00C04F79EFBC}") = "IndexBasedCustomPointColorizer", "IndexBasedCustomPointColorizer.csproj", "{C0D6C22D-9C4E-47DB-B8F7-C7A07F0A39C0}"
EndProject
Global
	GlobalSection(SolutionConfigurationPlatforms) = preSolution
		Debug|Any CPU = Debug|Any CPU
		Release|Any CPU = Release|Any CPU
	EndGlobalSection
	GlobalSection(ProjectConfigurationPlatforms) = postSolution
		{C0D6C22D-9C4E-47DB-B8F7-C7A07F0A39C0}.Debug|Any CPU.ActiveCfg = Debug|Any CPU
		{C0D6C22D-9C4E-47DB-B8F7-C7A07F0A39C0}.Debug|Any CPU.Build.0 = Debug|Any CPU
		{C0D6C22D-9C4E-47DB-B8F7-C7A07F0A39C0}.Debug|Any CPU.Deploy.0 = Debug|Any CPU
		{C0D6C22D-9C4E-47DB-B8F7-C7A07F0A39C0}.Release|Any CPU.ActiveCfg = Release|Any CPU
		{C0D6C22D-9C4E-47DB-B8F7-C7A07F0A39C0}.Release|Any CPU.Build.0 = Release|Any CPU
		{C0D6C22D-9C4E-47DB-B8F7-C7A07F0A39C0}.Release|Any CPU.Deploy.0 = Release|Any CPU
	EndGlobalSection
	GlobalSection(SolutionProperties) = preSolution
		HideSolutionNode = FALSE
	EndGlobalSection
	GlobalSection(ExtensibilityGlobals) = postSolution
		SolutionGuid = {52AD9E97-52A0-4F4A-90C9-FB4C16CE4003}
	EndGlobalSection
EndGlobal
